<?xml version="1.0" encoding="utf-8"?>
<Project ToolsVersion="4.0" xmlns="http://schemas.microsoft.com/developer/msbuild/2003">
  <ItemGroup>
    <ClCompile Include="AudioManager.cpp" />
    <ClCompile Include="Camera.cpp" />
    <ClCompile Include="EventCallback.cpp" />
    <ClCompile Include="Geometry.cpp" />
    <ClCompile Include="GLDebug.cpp" />
    <ClCompile Include="GLHandles.cpp" />
    <ClCompile Include="imgui\imgui.cpp" />
    <ClCompile Include="imgui\imgui_demo.cpp" />
    <ClCompile Include="imgui\imgui_draw.cpp" />
    <ClCompile Include="imgui\imgui_impl_glfw.cpp" />
    <ClCompile Include="imgui\imgui_impl_opengl3.cpp" />
    <ClCompile Include="imgui\imgui_tables.cpp" />
    <ClCompile Include="imgui\imgui_widgets.cpp" />
    <ClCompile Include="InputController.cpp" />
    <ClCompile Include="InputManager.cpp" />
    <ClCompile Include="main.cpp" />
    <ClCompile Include="Mesh.cpp" />
    <ClCompile Include="Model.cpp" />
    <ClCompile Include="PDynamic.cpp" />
    <ClCompile Include="PhysicsManager.cpp" />
    <ClCompile Include="PowerUp.cpp" />
    <ClCompile Include="PStatic.cpp" />
    <ClCompile Include="Shader.cpp" />
    <ClCompile Include="ShaderProgram.cpp" />
    <ClCompile Include="PVehicle.cpp" />
    <ClCompile Include="SnippetVehicle4WCreate.cpp" />
    <ClCompile Include="SnippetVehicleCreate.cpp" />
    <ClCompile Include="SnippetVehicleFilterShader.cpp" />
    <ClCompile Include="SnippetVehicleSceneQuery.cpp" />
    <ClCompile Include="SnippetVehicleTireFriction.cpp" />
    <ClCompile Include="Texture.cpp" />
    <ClCompile Include="VertexArray.cpp" />
    <ClCompile Include="VertexBuffer.cpp" />
    <ClCompile Include="Window.cpp" />
    <ClCompile Include="ImguiManager.cpp" />
    <ClCompile Include="GameManager.cpp" />
  </ItemGroup>
  <ItemGroup>
    <ClInclude Include="AudioManager.h" />
    <ClInclude Include="Camera.h" />
    <ClInclude Include="EventCallback.h" />
    <ClInclude Include="Geometry.h" />
    <ClInclude Include="GLDebug.h" />
    <ClInclude Include="GLHandles.h" />
    <ClInclude Include="imgui\imconfig.h" />
    <ClInclude Include="imgui\imgui.h" />
    <ClInclude Include="imgui\imgui_impl_glfw.h" />
    <ClInclude Include="imgui\imgui_impl_opengl3.h" />
    <ClInclude Include="imgui\imgui_impl_opengl3_loader.h" />
    <ClInclude Include="imgui\imgui_internal.h" />
    <ClInclude Include="imgui\imstb_rectpack.h" />
    <ClInclude Include="imgui\imstb_textedit.h" />
    <ClInclude Include="imgui\imstb_truetype.h" />
    <ClInclude Include="include\fmod.h" />
    <ClInclude Include="include\fmod.hpp" />
    <ClInclude Include="include\fmod_codec.h" />
    <ClInclude Include="include\fmod_common.h" />
    <ClInclude Include="include\fmod_dsp.h" />
    <ClInclude Include="include\fmod_dsp_effects.h" />
    <ClInclude Include="include\fmod_errors.h" />
    <ClInclude Include="include\fmod_output.h" />
    <ClInclude Include="InputController.h" />
    <ClInclude Include="InputManager.h" />
    <ClInclude Include="Log.h" />
    <ClInclude Include="Mesh.h" />
    <ClInclude Include="Model.h" />
    <ClInclude Include="PDynamic.h" />
    <ClInclude Include="PhysicsManager.h" />
    <ClInclude Include="PowerUp.h" />
    <ClInclude Include="PStatic.h" />
    <ClInclude Include="PVehicle.h" />
    <ClInclude Include="Shader.h" />
    <ClInclude Include="ShaderProgram.h" />
    <ClInclude Include="Skybox.h" />
    <ClInclude Include="SnippetVehicleConcurrency.h" />
    <ClInclude Include="SnippetVehicleCreate.h" />
    <ClInclude Include="SnippetVehicleFilterShader.h" />
    <ClInclude Include="SnippetVehicleSceneQuery.h" />
    <ClInclude Include="SnippetVehicleTireFriction.h" />
    <ClInclude Include="SnippetVehicleWheelQueryResult.h" />
    <ClInclude Include="Texture.h" />
    <ClInclude Include="Time.h" />
    <ClInclude Include="Utils.h" />
    <ClInclude Include="VertexArray.h" />
    <ClInclude Include="VertexBuffer.h" />
    <ClInclude Include="Window.h" />
    <ClInclude Include="GameManager.h" />
    <ClInclude Include="ImguiManager.h" />
  </ItemGroup>
  <ItemGroup>
    <Library Include="fmodL_vc.lib" />
    <Library Include="fmod_vc.lib" />
  </ItemGroup>
  <ItemGroup>
    <None Include="fmod.dll" />
    <None Include="fmodL.dll" />
    <None Include="shaders\light.frag" />
    <None Include="shaders\light.vert" />
    <None Include="shaders\shader_fragment.frag" />
    <None Include="shaders\shader_vertex.vert" />
    <None Include="shaders\simpleDepth.frag" />
    <None Include="shaders\simpleDepth.vert" />
    <None Include="shaders\skybox.frag" />
    <None Include="shaders\skybox.vert" />
  </ItemGroup>
</Project>