<?xml version="1.0" encoding="utf-8"?>
<Project ToolsVersion="4.0" xmlns="http://schemas.microsoft.com/developer/msbuild/2003">
  <ItemGroup>
    <Filter Include="Source Files">
      <UniqueIdentifier>{4FC737F1-C7A5-4376-A066-2A32D752A2FF}</UniqueIdentifier>
      <Extensions>cpp;c;cc;cxx;c++;cppm;ixx;def;odl;idl;hpj;bat;asm;asmx</Extensions>
    </Filter>
    <Filter Include="Header Files">
      <UniqueIdentifier>{93995380-89BD-4b04-88EB-625FBE52EBFB}</UniqueIdentifier>
      <Extensions>h;hh;hpp;hxx;h++;hm;inl;inc;ipp;xsd</Extensions>
    </Filter>
    <Filter Include="Resource Files">
      <UniqueIdentifier>{67DA6AB6-F800-4c08-8B7A-83BB121AAD01}</UniqueIdentifier>
      <Extensions>rc;ico;cur;bmp;dlg;rc2;rct;bin;rgs;gif;jpg;jpeg;jpe;resx;tiff;tif;png;wav;mfcribbon-ms</Extensions>
    </Filter>
    <Filter Include="Header Files\Physics">
      <UniqueIdentifier>{efad9a74-412c-47a4-b714-f043bd6d92e8}</UniqueIdentifier>
    </Filter>
    <Filter Include="Source Files\Physics">
      <UniqueIdentifier>{c3cd489a-5171-4db2-b4cf-871a48e6cd30}</UniqueIdentifier>
    </Filter>
    <Filter Include="Source Files\Physics\thirdparty">
      <UniqueIdentifier>{5832e201-ea89-4aa6-8326-4dca3c2dbabc}</UniqueIdentifier>
    </Filter>
    <Filter Include="Header Files\Physics\thirdparty">
      <UniqueIdentifier>{8243ad82-eda6-46fc-bcd9-67ff31400117}</UniqueIdentifier>
    </Filter>
    <Filter Include="Header Files\Mesh &amp; Model">
      <UniqueIdentifier>{1d259965-163a-4725-acdf-0cfaf2bab6fc}</UniqueIdentifier>
    </Filter>
    <Filter Include="Source Files\Mesh &amp; Model">
      <UniqueIdentifier>{76508394-1a95-4edb-8d60-ffba21d8f362}</UniqueIdentifier>
    </Filter>
    <Filter Include="Source Files\Mesh &amp; Model\Primitive Mesh">
      <UniqueIdentifier>{fdcb37fc-4b86-451b-8608-07178a50ad14}</UniqueIdentifier>
    </Filter>
    <Filter Include="Header Files\Mesh &amp; Model\Primitive Mesh">
      <UniqueIdentifier>{d333e42f-7286-4e31-91d4-8f5df1319075}</UniqueIdentifier>
    </Filter>
  </ItemGroup>
  <ItemGroup>
    <ClCompile Include="main.cpp">
      <Filter>Source Files</Filter>
    </ClCompile>
    <ClCompile Include="Shader.cpp">
      <Filter>Source Files</Filter>
    </ClCompile>
    <ClCompile Include="ShaderProgram.cpp">
      <Filter>Source Files</Filter>
    </ClCompile>
    <ClCompile Include="Window.cpp">
      <Filter>Source Files</Filter>
    </ClCompile>
    <ClCompile Include="InputManager.cpp">
      <Filter>Source Files</Filter>
    </ClCompile>
    <ClCompile Include="GLHandles.cpp">
      <Filter>Source Files</Filter>
    </ClCompile>
    <ClCompile Include="GLDebug.cpp">
      <Filter>Source Files</Filter>
    </ClCompile>
    <ClCompile Include="Camera.cpp">
      <Filter>Source Files</Filter>
    </ClCompile>
    <ClCompile Include="PhysicsManager.cpp">
      <Filter>Source Files\Physics</Filter>
    </ClCompile>
    <ClCompile Include="PVehicle.cpp">
      <Filter>Source Files\Physics</Filter>
    </ClCompile>
    <ClCompile Include="SnippetVehicleTireFriction.cpp">
      <Filter>Source Files\Physics\thirdparty</Filter>
    </ClCompile>
    <ClCompile Include="SnippetVehicle4WCreate.cpp">
      <Filter>Source Files\Physics\thirdparty</Filter>
    </ClCompile>
    <ClCompile Include="SnippetVehicleCreate.cpp">
      <Filter>Source Files\Physics\thirdparty</Filter>
    </ClCompile>
    <ClCompile Include="SnippetVehicleFilterShader.cpp">
      <Filter>Source Files\Physics\thirdparty</Filter>
    </ClCompile>
    <ClCompile Include="SnippetVehicleSceneQuery.cpp">
      <Filter>Source Files\Physics\thirdparty</Filter>
    </ClCompile>
    <ClCompile Include="PDynamic.cpp">
      <Filter>Source Files\Physics</Filter>
    </ClCompile>
    <ClCompile Include="PStatic.cpp">
      <Filter>Source Files\Physics</Filter>
    </ClCompile>
    <ClCompile Include="Mesh.cpp">
      <Filter>Source Files\Mesh &amp; Model</Filter>
    </ClCompile>
    <ClCompile Include="Model.cpp">
      <Filter>Source Files\Mesh &amp; Model</Filter>
    </ClCompile>
    <ClCompile Include="Texture.cpp">
      <Filter>Source Files\Mesh &amp; Model\Primitive Mesh</Filter>
    </ClCompile>
    <ClCompile Include="GLMesh.cpp">
      <Filter>Source Files\Mesh &amp; Model\Primitive Mesh</Filter>
    </ClCompile>
    <ClCompile Include="VertexBuffer.cpp">
      <Filter>Source Files\Mesh &amp; Model\Primitive Mesh</Filter>
    </ClCompile>
    <ClCompile Include="VertexArray.cpp">
      <Filter>Source Files\Mesh &amp; Model\Primitive Mesh</Filter>
    </ClCompile>
    <ClCompile Include="Geometry.cpp">
      <Filter>Source Files\Mesh &amp; Model\Primitive Mesh</Filter>
    </ClCompile>
  </ItemGroup>
  <ItemGroup>
    <ClInclude Include="Window.h">
      <Filter>Header Files</Filter>
    </ClInclude>
    <ClInclude Include="Shader.h">
      <Filter>Header Files</Filter>
    </ClInclude>
    <ClInclude Include="ShaderProgram.h">
      <Filter>Header Files</Filter>
    </ClInclude>
    <ClInclude Include="Log.h">
      <Filter>Header Files</Filter>
    </ClInclude>
    <ClInclude Include="InputManager.h">
      <Filter>Header Files</Filter>
    </ClInclude>
    <ClInclude Include="GLHandles.h">
      <Filter>Header Files</Filter>
    </ClInclude>
    <ClInclude Include="GLDebug.h">
      <Filter>Header Files</Filter>
    </ClInclude>
    <ClInclude Include="Camera.h">
      <Filter>Header Files</Filter>
    </ClInclude>
    <ClInclude Include="Utils.h">
      <Filter>Header Files</Filter>
    </ClInclude>
    <ClInclude Include="PhysicsManager.h">
      <Filter>Header Files\Physics</Filter>
    </ClInclude>
    <ClInclude Include="PVehicle.h">
      <Filter>Header Files\Physics</Filter>
    </ClInclude>
    <ClInclude Include="SnippetVehicleConcurrency.h">
      <Filter>Header Files\Physics\thirdparty</Filter>
    </ClInclude>
    <ClInclude Include="SnippetVehicleCreate.h">
      <Filter>Header Files\Physics\thirdparty</Filter>
    </ClInclude>
    <ClInclude Include="SnippetVehicleFilterShader.h">
      <Filter>Header Files\Physics\thirdparty</Filter>
    </ClInclude>
    <ClInclude Include="SnippetVehicleSceneQuery.h">
      <Filter>Header Files\Physics\thirdparty</Filter>
    </ClInclude>
    <ClInclude Include="SnippetVehicleTireFriction.h">
      <Filter>Header Files\Physics\thirdparty</Filter>
    </ClInclude>
    <ClInclude Include="SnippetVehicleWheelQueryResult.h">
      <Filter>Header Files\Physics\thirdparty</Filter>
    </ClInclude>
    <ClInclude Include="PDynamic.h">
      <Filter>Header Files\Physics</Filter>
    </ClInclude>
    <ClInclude Include="PStatic.h">
      <Filter>Header Files\Physics</Filter>
    </ClInclude>
    <ClInclude Include="Mesh.h">
      <Filter>Header Files\Mesh &amp; Model</Filter>
    </ClInclude>
    <ClInclude Include="Model.h">
      <Filter>Header Files\Mesh &amp; Model</Filter>
    </ClInclude>
    <ClInclude Include="GLMesh.h">
      <Filter>Header Files\Mesh &amp; Model\Primitive Mesh</Filter>
    </ClInclude>
    <ClInclude Include="Texture.h">
      <Filter>Header Files\Mesh &amp; Model\Primitive Mesh</Filter>
    </ClInclude>
    <ClInclude Include="VertexBuffer.h">
      <Filter>Header Files\Mesh &amp; Model\Primitive Mesh</Filter>
    </ClInclude>
    <ClInclude Include="VertexArray.h">
      <Filter>Header Files\Mesh &amp; Model\Primitive Mesh</Filter>
    </ClInclude>
    <ClInclude Include="Geometry.h">
      <Filter>Header Files\Mesh &amp; Model\Primitive Mesh</Filter>
    </ClInclude>
  </ItemGroup>
</Project>